
Microsoft Visual Studio Solution File, Format Version 12.00
# Visual Studio Version 17
VisualStudioVersion = 17.3.32825.248
MinimumVisualStudioVersion = 10.0.40219.1
Project("{FAE04EC0-301F-11D3-BF4B-00C04F79EFBC}") = "lab_6_Sav", "lab_6_Sav.csproj", "{58164607-EBC5-4547-AECE-5ABBDDF944BB}"
EndProject
Global
	GlobalSection(SolutionConfigurationPlatforms) = preSolution
		Debug|Any CPU = Debug|Any CPU
		Release|Any CPU = Release|Any CPU
	EndGlobalSection
	GlobalSection(ProjectConfigurationPlatforms) = postSolution
		{58164607-EBC5-4547-AECE-5ABBDDF944BB}.Debug|Any CPU.ActiveCfg = Debug|Any CPU
		{58164607-EBC5-4547-AECE-5ABBDDF944BB}.Debug|Any CPU.Build.0 = Debug|Any CPU
		{58164607-EBC5-4547-AECE-5ABBDDF944BB}.Release|Any CPU.ActiveCfg = Release|Any CPU
		{58164607-EBC5-4547-AECE-5ABBDDF944BB}.Release|Any CPU.Build.0 = Release|Any CPU
	EndGlobalSection
	GlobalSection(SolutionProperties) = preSolution
		HideSolutionNode = FALSE
	EndGlobalSection
	GlobalSection(ExtensibilityGlobals) = postSolution
		SolutionGuid = {2005F355-CEDD-4FA7-B2A4-68AF57CEC3FD}
	EndGlobalSection
EndGlobal
